// !$*UTF8*$!
{
	archiveVersion = 1;
	classes = {
	};
	objectVersion = 46;
	objects = {

/* Begin PBXBuildFile section */
		DC45110D1E06B831000F59C8 /* AppDelegate.swift in Sources */ = {isa = PBXBuildFile; fileRef = DC45110C1E06B831000F59C8 /* AppDelegate.swift */; };
		DC45110F1E06B831000F59C8 /* ViewController.swift in Sources */ = {isa = PBXBuildFile; fileRef = DC45110E1E06B831000F59C8 /* ViewController.swift */; };
		DC4511121E06B831000F59C8 /* Main.storyboard in Resources */ = {isa = PBXBuildFile; fileRef = DC4511101E06B831000F59C8 /* Main.storyboard */; };
		DC4511141E06B831000F59C8 /* Assets.xcassets in Resources */ = {isa = PBXBuildFile; fileRef = DC4511131E06B831000F59C8 /* Assets.xcassets */; };
		DC4511171E06B831000F59C8 /* LaunchScreen.storyboard in Resources */ = {isa = PBXBuildFile; fileRef = DC4511151E06B831000F59C8 /* LaunchScreen.storyboard */; };
		DC45111F1E06B843000F59C8 /* SwiftyTextfields.swift in Sources */ = {isa = PBXBuildFile; fileRef = DC45111E1E06B843000F59C8 /* SwiftyTextfields.swift */; };
/* End PBXBuildFile section */

/* Begin PBXFileReference section */
		DC4511091E06B831000F59C8 /* SwiftyTextfields.app */ = {isa = PBXFileReference; explicitFileType = wrapper.application; includeInIndex = 0; path = SwiftyTextfields.app; sourceTree = BUILT_PRODUCTS_DIR; };
		DC45110C1E06B831000F59C8 /* AppDelegate.swift */ = {isa = PBXFileReference; lastKnownFileType = sourcecode.swift; path = AppDelegate.swift; sourceTree = "<group>"; };
		DC45110E1E06B831000F59C8 /* ViewController.swift */ = {isa = PBXFileReference; lastKnownFileType = sourcecode.swift; path = ViewController.swift; sourceTree = "<group>"; };
		DC4511111E06B831000F59C8 /* Base */ = {isa = PBXFileReference; lastKnownFileType = file.storyboard; name = Base; path = Base.lproj/Main.storyboard; sourceTree = "<group>"; };
		DC4511131E06B831000F59C8 /* Assets.xcassets */ = {isa = PBXFileReference; lastKnownFileType = folder.assetcatalog; path = Assets.xcassets; sourceTree = "<group>"; };
		DC4511161E06B831000F59C8 /* Base */ = {isa = PBXFileReference; lastKnownFileType = file.storyboard; name = Base; path = Base.lproj/LaunchScreen.storyboard; sourceTree = "<group>"; };
		DC4511181E06B831000F59C8 /* Info.plist */ = {isa = PBXFileReference; lastKnownFileType = text.plist.xml; path = Info.plist; sourceTree = "<group>"; };
		DC45111E1E06B843000F59C8 /* SwiftyTextfields.swift */ = {isa = PBXFileReference; fileEncoding = 4; lastKnownFileType = sourcecode.swift; path = SwiftyTextfields.swift; sourceTree = "<group>"; };
/* End PBXFileReference section */

/* Begin PBXFrameworksBuildPhase section */
		DC4511061E06B830000F59C8 /* Frameworks */ = {
			isa = PBXFrameworksBuildPhase;
			buildActionMask = 2147483647;
			files = (
			);
			runOnlyForDeploymentPostprocessing = 0;
		};
/* End PBXFrameworksBuildPhase section */

/* Begin PBXGroup section */
		DC4511001E06B830000F59C8 = {
			isa = PBXGroup;
			children = (
				DC45110B1E06B831000F59C8 /* SwiftyTextfields */,
				DC45110A1E06B831000F59C8 /* Products */,
			);
			sourceTree = "<group>";
		};
		DC45110A1E06B831000F59C8 /* Products */ = {
			isa = PBXGroup;
			children = (
				DC4511091E06B831000F59C8 /* SwiftyTextfields.app */,
			);
			name = Products;
			sourceTree = "<group>";
		};
		DC45110B1E06B831000F59C8 /* SwiftyTextfields */ = {
			isa = PBXGroup;
			children = (
				DC45110C1E06B831000F59C8 /* AppDelegate.swift */,
				DC45110E1E06B831000F59C8 /* ViewController.swift */,
				DC4511101E06B831000F59C8 /* Main.storyboard */,
				DC4511131E06B831000F59C8 /* Assets.xcassets */,
				DC4511151E06B831000F59C8 /* LaunchScreen.storyboard */,
				DC4511181E06B831000F59C8 /* Info.plist */,
				DC45111E1E06B843000F59C8 /* SwiftyTextfields.swift */,
			);
			path = SwiftyTextfields;
			sourceTree = "<group>";
		};
/* End PBXGroup section */

/* Begin PBXNativeTarget section */
		DC4511081E06B830000F59C8 /* SwiftyTextfields */ = {
			isa = PBXNativeTarget;
			buildConfigurationList = DC45111B1E06B831000F59C8 /* Build configuration list for PBXNativeTarget "SwiftyTextfields" */;
			buildPhases = (
				DC4511051E06B830000F59C8 /* Sources */,
				DC4511061E06B830000F59C8 /* Frameworks */,
				DC4511071E06B830000F59C8 /* Resources */,
			);
			buildRules = (
			);
			dependencies = (
			);
			name = SwiftyTextfields;
			productName = SwiftyTextfields;
			productReference = DC4511091E06B831000F59C8 /* SwiftyTextfields.app */;
			productType = "com.apple.product-type.application";
		};
/* End PBXNativeTarget section */

/* Begin PBXProject section */
		DC4511011E06B830000F59C8 /* Project object */ = {
			isa = PBXProject;
			attributes = {
				LastSwiftUpdateCheck = 0820;
				LastUpgradeCheck = 0820;
				ORGANIZATIONNAME = "Dimitrios Kalaitzidis";
				TargetAttributes = {
					DC4511081E06B830000F59C8 = {
						CreatedOnToolsVersion = 8.2;
						DevelopmentTeam = U67XD4R3E3;
						ProvisioningStyle = Automatic;
					};
				};
			};
			buildConfigurationList = DC4511041E06B830000F59C8 /* Build configuration list for PBXProject "SwiftyTextfields" */;
			compatibilityVersion = "Xcode 3.2";
			developmentRegion = English;
			hasScannedForEncodings = 0;
			knownRegions = (
				en,
				Base,
			);
			mainGroup = DC4511001E06B830000F59C8;
			productRefGroup = DC45110A1E06B831000F59C8 /* Products */;
			projectDirPath = "";
			projectRoot = "";
			targets = (
				DC4511081E06B830000F59C8 /* SwiftyTextfields */,
			);
		};
/* End PBXProject section */

/* Begin PBXResourcesBuildPhase section */
		DC4511071E06B830000F59C8 /* Resources */ = {
			isa = PBXResourcesBuildPhase;
			buildActionMask = 2147483647;
			files = (
				DC4511171E06B831000F59C8 /* LaunchScreen.storyboard in Resources */,
				DC4511141E06B831000F59C8 /* Assets.xcassets in Resources */,
				DC4511121E06B831000F59C8 /* Main.storyboard in Resources */,
			);
			runOnlyForDeploymentPostprocessing = 0;
		};
/* End PBXResourcesBuildPhase section */

/* Begin PBXSourcesBuildPhase section */
		DC4511051E06B830000F59C8 /* Sources */ = {
			isa = PBXSourcesBuildPhase;
			buildActionMask = 2147483647;
			files = (
				DC45111F1E06B843000F59C8 /* SwiftyTextfields.swift in Sources */,
				DC45110F1E06B831000F59C8 /* ViewController.swift in Sources */,
				DC45110D1E06B831000F59C8 /* AppDelegate.swift in Sources */,
			);
			runOnlyForDeploymentPostprocessing = 0;
		};
/* End PBXSourcesBuildPhase section */

/* Begin PBXVariantGroup section */
		DC4511101E06B831000F59C8 /* Main.storyboard */ = {
			isa = PBXVariantGroup;
			children = (
				DC4511111E06B831000F59C8 /* Base */,
			);
			name = Main.storyboard;
			sourceTree = "<group>";
		};
		DC4511151E06B831000F59C8 /* LaunchScreen.storyboard */ = {
			isa = PBXVariantGroup;
			children = (
				DC4511161E06B831000F59C8 /* Base */,
			);
			name = LaunchScreen.storyboard;
			sourceTree = "<group>";
		};
/* End PBXVariantGroup section */

/* Begin XCBuildConfiguration section */
		DC4511191E06B831000F59C8 /* Debug */ = {
			isa = XCBuildConfiguration;
			buildSettings = {
				ALWAYS_SEARCH_USER_PATHS = NO;
				CLANG_ANALYZER_NONNULL = YES;
				CLANG_CXX_LANGUAGE_STANDARD = "gnu++0x";
				CLANG_CXX_LIBRARY = "libc++";
				CLANG_ENABLE_MODULES = YES;
				CLANG_ENABLE_OBJC_ARC = YES;
				CLANG_WARN_BOOL_CONVERSION = YES;
				CLANG_WARN_CONSTANT_CONVERSION = YES;
				CLANG_WARN_DIRECT_OBJC_ISA_USAGE = YES_ERROR;
				CLANG_WARN_DOCUMENTATION_COMMENTS = YES;
				CLANG_WARN_EMPTY_BODY = YES;
				CLANG_WARN_ENUM_CONVERSION = YES;
				CLANG_WARN_INFINITE_RECURSION = YES;
				CLANG_WARN_INT_CONVERSION = YES;
				CLANG_WARN_OBJC_ROOT_CLASS = YES_ERROR;
				CLANG_WARN_SUSPICIOUS_MOVE = YES;
				CLANG_WARN_UNREACHABLE_CODE = YES;
				CLANG_WARN__DUPLICATE_METHOD_MATCH = YES;
				"CODE_SIGN_IDENTITY[sdk=iphoneos*]" = "iPhone Developer";
				COPY_PHASE_STRIP = NO;
				DEBUG_INFORMATION_FORMAT = dwarf;
				ENABLE_STRICT_OBJC_MSGSEND = YES;
				ENABLE_TESTABILITY = YES;
				GCC_C_LANGUAGE_STANDARD = gnu99;
				GCC_DYNAMIC_NO_PIC = NO;
				GCC_NO_COMMON_BLOCKS = YES;
				GCC_OPTIMIZATION_LEVEL = 0;
				GCC_PREPROCESSOR_DEFINITIONS = (
					"DEBUG=1",
					"$(inherited)",
				);
				GCC_WARN_64_TO_32_BIT_CONVERSION = YES;
				GCC_WARN_ABOUT_RETURN_TYPE = YES_ERROR;
				GCC_WARN_UNDECLARED_SELECTOR = YES;
				GCC_WARN_UNINITIALIZED_AUTOS = YES_AGGRESSIVE;
				GCC_WARN_UNUSED_FUNCTION = YES;
				GCC_WARN_UNUSED_VARIABLE = YES;
				IPHONEOS_DEPLOYMENT_TARGET = 10.2;
				MTL_ENABLE_DEBUG_INFO = YES;
				ONLY_ACTIVE_ARCH = YES;
				SDKROOT = iphoneos;
				SWIFT_ACTIVE_COMPILATION_CONDITIONS = DEBUG;
				SWIFT_OPTIMIZATION_LEVEL = "-Onone";
				TARGETED_DEVICE_FAMILY = "1,2";
			};
			name = Debug;
		};
		DC45111A1E06B831000F59C8 /* Release */ = {
			isa = XCBuildConfiguration;
			buildSettings = {
				ALWAYS_SEARCH_USER_PATHS = NO;
				CLANG_ANALYZER_NONNULL = YES;
				CLANG_CXX_LANGUAGE_STANDARD = "gnu++0x";
				CLANG_CXX_LIBRARY = "libc++";
				CLANG_ENABLE_MODULES = YES;
				CLANG_ENABLE_OBJC_ARC = YES;
				CLANG_WARN_BOOL_CONVERSION = YES;
				CLANG_WARN_CONSTANT_CONVERSION = YES;
				CLANG_WARN_DIRECT_OBJC_ISA_USAGE = YES_ERROR;
				CLANG_WARN_DOCUMENTATION_COMMENTS = YES;
				CLANG_WARN_EMPTY_BODY = YES;
				CLANG_WARN_ENUM_CONVERSION = YES;
				CLANG_WARN_INFINITE_RECURSION = YES;
				CLANG_WARN_INT_CONVERSION = YES;
				CLANG_WARN_OBJC_ROOT_CLASS = YES_ERROR;
				CLANG_WARN_SUSPICIOUS_MOVE = YES;
				CLANG_WARN_UNREACHABLE_CODE = YES;
				CLANG_WARN__DUPLICATE_METHOD_MATCH = YES;
				"CODE_SIGN_IDENTITY[sdk=iphoneos*]" = "iPhone Developer";
				COPY_PHASE_STRIP = NO;
				DEBUG_INFORMATION_FORMAT = "dwarf-with-dsym";
				ENABLE_NS_ASSERTIONS = NO;
				ENABLE_STRICT_OBJC_MSGSEND = YES;
				GCC_C_LANGUAGE_STANDARD = gnu99;
				GCC_NO_COMMON_BLOCKS = YES;
				GCC_WARN_64_TO_32_BIT_CONVERSION = YES;
				GCC_WARN_ABOUT_RETURN_TYPE = YES_ERROR;
				GCC_WARN_UNDECLARED_SELECTOR = YES;
				GCC_WARN_UNINITIALIZED_AUTOS = YES_AGGRESSIVE;
				GCC_WARN_UNUSED_FUNCTION = YES;
				GCC_WARN_UNUSED_VARIABLE = YES;
				IPHONEOS_DEPLOYMENT_TARGET = 10.2;
				MTL_ENABLE_DEBUG_INFO = NO;
				SDKROOT = iphoneos;
				SWIFT_OPTIMIZATION_LEVEL = "-Owholemodule";
				TARGETED_DEVICE_FAMILY = "1,2";
				VALIDATE_PRODUCT = YES;
			};
			name = Release;
		};
		DC45111C1E06B831000F59C8 /* Debug */ = {
			isa = XCBuildConfiguration;
			buildSettings = {
				ASSETCATALOG_COMPILER_APPICON_NAME = AppIcon;
				DEVELOPMENT_TEAM = U67XD4R3E3;
				INFOPLIST_FILE = SwiftyTextfields/Info.plist;
				LD_RUNPATH_SEARCH_PATHS = "$(inherited) @executable_path/Frameworks";
				PRODUCT_BUNDLE_IDENTIFIER = gr.kalai.SwiftyTextfields;
				PRODUCT_NAME = "$(TARGET_NAME)";
				SWIFT_VERSION = 3.0;
			};
			name = Debug;
		};
		DC45111D1E06B831000F59C8 /* Release */ = {
			isa = XCBuildConfiguration;
			buildSettings = {
				ASSETCATALOG_COMPILER_APPICON_NAME = AppIcon;
				DEVELOPMENT_TEAM = U67XD4R3E3;
				INFOPLIST_FILE = SwiftyTextfields/Info.plist;
				LD_RUNPATH_SEARCH_PATHS = "$(inherited) @executable_path/Frameworks";
				PRODUCT_BUNDLE_IDENTIFIER = gr.kalai.SwiftyTextfields;
				PRODUCT_NAME = "$(TARGET_NAME)";
				SWIFT_VERSION = 3.0;
			};
			name = Release;
		};
/* End XCBuildConfiguration section */

/* Begin XCConfigurationList section */
		DC4511041E06B830000F59C8 /* Build configuration list for PBXProject "SwiftyTextfields" */ = {
			isa = XCConfigurationList;
			buildConfigurations = (
				DC4511191E06B831000F59C8 /* Debug */,
				DC45111A1E06B831000F59C8 /* Release */,
			);
			defaultConfigurationIsVisible = 0;
			defaultConfigurationName = Release;
		};
		DC45111B1E06B831000F59C8 /* Build configuration list for PBXNativeTarget "SwiftyTextfields" */ = {
			isa = XCConfigurationList;
			buildConfigurations = (
				DC45111C1E06B831000F59C8 /* Debug */,
				DC45111D1E06B831000F59C8 /* Release */,
			);
			defaultConfigurationIsVisible = 0;
		};
/* End XCConfigurationList section */
	};
	rootObject = DC4511011E06B830000F59C8 /* Project object */;
}
